
Microsoft Visual Studio Solution File, Format Version 12.00
# Visual Studio 2013
VisualStudioVersion = 12.0.30501.0
MinimumVisualStudioVersion = 10.0.40219.1
Project("{2150E333-8FDC-42A3-9474-1A3956D46DE8}") = ".nuget", ".nuget", "{FC69F426-EE13-4338-A45A-4B0A6A9B4571}"
	ProjectSection(SolutionItems) = preProject
		.nuget\NuGet.Config = .nuget\NuGet.Config
		.nuget\NuGet.exe = .nuget\NuGet.exe
		.nuget\NuGet.targets = .nuget\NuGet.targets
	EndProjectSection
EndProject
Project("{FAE04EC0-301F-11D3-BF4B-00C04F79EFBC}") = "Dummy", "Dummy\Dummy.csproj", "{A148127B-B6A8-4012-80CE-EB2F2B46C241}"
EndProject
Project("{FAE04EC0-301F-11D3-BF4B-00C04F79EFBC}") = "Other", "Other\Other.csproj", "{1F66AD9D-72AC-4AC1-8179-FD134470299D}"
EndProject
Global
	GlobalSection(SolutionConfigurationPlatforms) = preSolution
		Debug|Any CPU = Debug|Any CPU
		Release|Any CPU = Release|Any CPU
	EndGlobalSection
	GlobalSection(ProjectConfigurationPlatforms) = postSolution
		{A148127B-B6A8-4012-80CE-EB2F2B46C241}.Debug|Any CPU.ActiveCfg = Debug|Any CPU
		{A148127B-B6A8-4012-80CE-EB2F2B46C241}.Debug|Any CPU.Build.0 = Debug|Any CPU
		{A148127B-B6A8-4012-80CE-EB2F2B46C241}.Release|Any CPU.ActiveCfg = Release|Any CPU
		{A148127B-B6A8-4012-80CE-EB2F2B46C241}.Release|Any CPU.Build.0 = Release|Any CPU
		{1F66AD9D-72AC-4AC1-8179-FD134470299D}.Debug|Any CPU.ActiveCfg = Debug|Any CPU
		{1F66AD9D-72AC-4AC1-8179-FD134470299D}.Debug|Any CPU.Build.0 = Debug|Any CPU
		{1F66AD9D-72AC-4AC1-8179-FD134470299D}.Release|Any CPU.ActiveCfg = Release|Any CPU
		{1F66AD9D-72AC-4AC1-8179-FD134470299D}.Release|Any CPU.Build.0 = Release|Any CPU
	EndGlobalSection
	GlobalSection(SolutionProperties) = preSolution
		HideSolutionNode = FALSE
	EndGlobalSection
EndGlobal
