
Microsoft Visual Studio Solution File, Format Version 11.00
# Visual Studio 2010
Project("{FAE04EC0-301F-11D3-BF4B-00C04F79EFBC}") = "Other", "Other\Other.csproj", "{DD5CA560-6469-4EA9-A945-9F7ABD36A822}"
EndProject
Project("{FAE04EC0-301F-11D3-BF4B-00C04F79EFBC}") = "Simplified", "Simplified\Simplified.csproj", "{B5FEAF47-9DB0-44DB-BD83-26C0E36BB0C7}"
EndProject
Project("{FAE04EC0-301F-11D3-BF4B-00C04F79EFBC}") = "FurtherDecoupling", "FurtherDecoupling\FurtherDecoupling.csproj", "{A4083FCF-DE1E-4800-9891-881F6DC665A6}"
EndProject
Global
	GlobalSection(SolutionConfigurationPlatforms) = preSolution
		Debug|x86 = Debug|x86
		Release|x86 = Release|x86
	EndGlobalSection
	GlobalSection(ProjectConfigurationPlatforms) = postSolution
		{A4083FCF-DE1E-4800-9891-881F6DC665A6}.Debug|x86.ActiveCfg = Debug|Any CPU
		{A4083FCF-DE1E-4800-9891-881F6DC665A6}.Debug|x86.Build.0 = Debug|Any CPU
		{A4083FCF-DE1E-4800-9891-881F6DC665A6}.Release|x86.ActiveCfg = Release|Any CPU
		{A4083FCF-DE1E-4800-9891-881F6DC665A6}.Release|x86.Build.0 = Release|Any CPU
		{B5FEAF47-9DB0-44DB-BD83-26C0E36BB0C7}.Debug|x86.ActiveCfg = Debug|Any CPU
		{B5FEAF47-9DB0-44DB-BD83-26C0E36BB0C7}.Debug|x86.Build.0 = Debug|Any CPU
		{B5FEAF47-9DB0-44DB-BD83-26C0E36BB0C7}.Release|x86.ActiveCfg = Release|Any CPU
		{B5FEAF47-9DB0-44DB-BD83-26C0E36BB0C7}.Release|x86.Build.0 = Release|Any CPU
		{DD5CA560-6469-4EA9-A945-9F7ABD36A822}.Debug|x86.ActiveCfg = Debug|Any CPU
		{DD5CA560-6469-4EA9-A945-9F7ABD36A822}.Debug|x86.Build.0 = Debug|Any CPU
		{DD5CA560-6469-4EA9-A945-9F7ABD36A822}.Release|x86.ActiveCfg = Release|Any CPU
		{DD5CA560-6469-4EA9-A945-9F7ABD36A822}.Release|x86.Build.0 = Release|Any CPU
	EndGlobalSection
	GlobalSection(MonoDevelopProperties) = preSolution
		StartupItem = Other\Other.csproj
	EndGlobalSection
EndGlobal
