
Microsoft Visual Studio Solution File, Format Version 11.00
# Visual Studio 2010
Project("{FAE04EC0-301F-11D3-BF4B-00C04F79EFBC}") = "PrimeFactors", "PrimeFactors\PrimeFactors.csproj", "{4FEDDE5A-3A32-46DC-A487-D9DFC7C38B1A}"
EndProject
Global
	GlobalSection(SolutionConfigurationPlatforms) = preSolution
		Debug|x86 = Debug|x86
		Release|x86 = Release|x86
	EndGlobalSection
	GlobalSection(ProjectConfigurationPlatforms) = postSolution
		{4FEDDE5A-3A32-46DC-A487-D9DFC7C38B1A}.Debug|x86.ActiveCfg = Debug|Any CPU
		{4FEDDE5A-3A32-46DC-A487-D9DFC7C38B1A}.Debug|x86.Build.0 = Debug|Any CPU
		{4FEDDE5A-3A32-46DC-A487-D9DFC7C38B1A}.Release|x86.ActiveCfg = Release|Any CPU
		{4FEDDE5A-3A32-46DC-A487-D9DFC7C38B1A}.Release|x86.Build.0 = Release|Any CPU
	EndGlobalSection
	GlobalSection(MonoDevelopProperties) = preSolution
		StartupItem = PrimeFactors\PrimeFactors.csproj
	EndGlobalSection
EndGlobal
